
Microsoft Visual Studio Solution File, Format Version 12.00
# Visual Studio 15
VisualStudioVersion = 15.0.28010.2036
MinimumVisualStudioVersion = 10.0.40219.1
Project("{FAE04EC0-301F-11D3-BF4B-00C04F79EFBC}") = "Exercicio59", "Exercicio59\Exercicio59.csproj", "{E255650A-57F2-4046-83E6-701DB019B1A0}"
EndProject
Global
	GlobalSection(SolutionConfigurationPlatforms) = preSolution
		Debug|Any CPU = Debug|Any CPU
		Release|Any CPU = Release|Any CPU
	EndGlobalSection
	GlobalSection(ProjectConfigurationPlatforms) = postSolution
		{E255650A-57F2-4046-83E6-701DB019B1A0}.Debug|Any CPU.ActiveCfg = Debug|Any CPU
		{E255650A-57F2-4046-83E6-701DB019B1A0}.Debug|Any CPU.Build.0 = Debug|Any CPU
		{E255650A-57F2-4046-83E6-701DB019B1A0}.Release|Any CPU.ActiveCfg = Release|Any CPU
		{E255650A-57F2-4046-83E6-701DB019B1A0}.Release|Any CPU.Build.0 = Release|Any CPU
	EndGlobalSection
	GlobalSection(SolutionProperties) = preSolution
		HideSolutionNode = FALSE
	EndGlobalSection
	GlobalSection(ExtensibilityGlobals) = postSolution
		SolutionGuid = {4CDDFED6-C0A6-4F62-A019-2B8F48431AA0}
	EndGlobalSection
EndGlobal
