
Microsoft Visual Studio Solution File, Format Version 12.00
# Visual Studio 15
VisualStudioVersion = 15.0.28307.168
MinimumVisualStudioVersion = 10.0.40219.1
Project("{FAE04EC0-301F-11D3-BF4B-00C04F79EFBC}") = "Exercício12_Avançados", "Exercício12_Avançados\Exercício12_Avançados.csproj", "{89C77157-A557-4FF8-84C2-10385C372F14}"
EndProject
Global
	GlobalSection(SolutionConfigurationPlatforms) = preSolution
		Debug|Any CPU = Debug|Any CPU
		Release|Any CPU = Release|Any CPU
	EndGlobalSection
	GlobalSection(ProjectConfigurationPlatforms) = postSolution
		{89C77157-A557-4FF8-84C2-10385C372F14}.Debug|Any CPU.ActiveCfg = Debug|Any CPU
		{89C77157-A557-4FF8-84C2-10385C372F14}.Debug|Any CPU.Build.0 = Debug|Any CPU
		{89C77157-A557-4FF8-84C2-10385C372F14}.Release|Any CPU.ActiveCfg = Release|Any CPU
		{89C77157-A557-4FF8-84C2-10385C372F14}.Release|Any CPU.Build.0 = Release|Any CPU
	EndGlobalSection
	GlobalSection(SolutionProperties) = preSolution
		HideSolutionNode = FALSE
	EndGlobalSection
	GlobalSection(ExtensibilityGlobals) = postSolution
		SolutionGuid = {DC731F9B-0873-4805-BDD3-5CEA1F0520CB}
	EndGlobalSection
EndGlobal
