
Microsoft Visual Studio Solution File, Format Version 12.00
# Visual Studio 15
VisualStudioVersion = 15.0.28307.168
MinimumVisualStudioVersion = 10.0.40219.1
Project("{FAE04EC0-301F-11D3-BF4B-00C04F79EFBC}") = "EX2", "EX2\EX2.csproj", "{639FF45B-6EDC-46D0-8323-6AD36B172E1B}"
EndProject
Global
	GlobalSection(SolutionConfigurationPlatforms) = preSolution
		Debug|Any CPU = Debug|Any CPU
		Release|Any CPU = Release|Any CPU
	EndGlobalSection
	GlobalSection(ProjectConfigurationPlatforms) = postSolution
		{639FF45B-6EDC-46D0-8323-6AD36B172E1B}.Debug|Any CPU.ActiveCfg = Debug|Any CPU
		{639FF45B-6EDC-46D0-8323-6AD36B172E1B}.Debug|Any CPU.Build.0 = Debug|Any CPU
		{639FF45B-6EDC-46D0-8323-6AD36B172E1B}.Release|Any CPU.ActiveCfg = Release|Any CPU
		{639FF45B-6EDC-46D0-8323-6AD36B172E1B}.Release|Any CPU.Build.0 = Release|Any CPU
	EndGlobalSection
	GlobalSection(SolutionProperties) = preSolution
		HideSolutionNode = FALSE
	EndGlobalSection
	GlobalSection(ExtensibilityGlobals) = postSolution
		SolutionGuid = {E541742C-BDB5-480C-A137-011EF3413D63}
	EndGlobalSection
EndGlobal
