
Microsoft Visual Studio Solution File, Format Version 12.00
# Visual Studio 15
VisualStudioVersion = 15.0.28010.2016
MinimumVisualStudioVersion = 10.0.40219.1
Project("{FAE04EC0-301F-11D3-BF4B-00C04F79EFBC}") = "Exercicio4", "Exercicio4\Exercicio4.csproj", "{C0CEB628-E07E-44C5-8777-22101DE89246}"
EndProject
Global
	GlobalSection(SolutionConfigurationPlatforms) = preSolution
		Debug|Any CPU = Debug|Any CPU
		Release|Any CPU = Release|Any CPU
	EndGlobalSection
	GlobalSection(ProjectConfigurationPlatforms) = postSolution
		{C0CEB628-E07E-44C5-8777-22101DE89246}.Debug|Any CPU.ActiveCfg = Debug|Any CPU
		{C0CEB628-E07E-44C5-8777-22101DE89246}.Debug|Any CPU.Build.0 = Debug|Any CPU
		{C0CEB628-E07E-44C5-8777-22101DE89246}.Release|Any CPU.ActiveCfg = Release|Any CPU
		{C0CEB628-E07E-44C5-8777-22101DE89246}.Release|Any CPU.Build.0 = Release|Any CPU
	EndGlobalSection
	GlobalSection(SolutionProperties) = preSolution
		HideSolutionNode = FALSE
	EndGlobalSection
	GlobalSection(ExtensibilityGlobals) = postSolution
		SolutionGuid = {F9A70939-EA16-4FC1-B717-1E560B19F641}
	EndGlobalSection
EndGlobal
