
Microsoft Visual Studio Solution File, Format Version 12.00
# Visual Studio 15
VisualStudioVersion = 15.0.28307.271
MinimumVisualStudioVersion = 10.0.40219.1
Project("{FAE04EC0-301F-11D3-BF4B-00C04F79EFBC}") = "Exercicio61", "Exercicio61\Exercicio61.csproj", "{DF0BA88E-ED71-45F8-880C-928B023F1EC2}"
EndProject
Global
	GlobalSection(SolutionConfigurationPlatforms) = preSolution
		Debug|Any CPU = Debug|Any CPU
		Release|Any CPU = Release|Any CPU
	EndGlobalSection
	GlobalSection(ProjectConfigurationPlatforms) = postSolution
		{DF0BA88E-ED71-45F8-880C-928B023F1EC2}.Debug|Any CPU.ActiveCfg = Debug|Any CPU
		{DF0BA88E-ED71-45F8-880C-928B023F1EC2}.Debug|Any CPU.Build.0 = Debug|Any CPU
		{DF0BA88E-ED71-45F8-880C-928B023F1EC2}.Release|Any CPU.ActiveCfg = Release|Any CPU
		{DF0BA88E-ED71-45F8-880C-928B023F1EC2}.Release|Any CPU.Build.0 = Release|Any CPU
	EndGlobalSection
	GlobalSection(SolutionProperties) = preSolution
		HideSolutionNode = FALSE
	EndGlobalSection
	GlobalSection(ExtensibilityGlobals) = postSolution
		SolutionGuid = {A5AC6849-A671-454C-BECD-00602A422DAD}
	EndGlobalSection
EndGlobal
