
Microsoft Visual Studio Solution File, Format Version 12.00
# Visual Studio 15
VisualStudioVersion = 15.0.28010.2036
MinimumVisualStudioVersion = 10.0.40219.1
Project("{FAE04EC0-301F-11D3-BF4B-00C04F79EFBC}") = "Exercicio58", "Exercicio58\Exercicio58.csproj", "{2B4676D7-5B09-4A14-A473-437C1F712294}"
EndProject
Global
	GlobalSection(SolutionConfigurationPlatforms) = preSolution
		Debug|Any CPU = Debug|Any CPU
		Release|Any CPU = Release|Any CPU
	EndGlobalSection
	GlobalSection(ProjectConfigurationPlatforms) = postSolution
		{2B4676D7-5B09-4A14-A473-437C1F712294}.Debug|Any CPU.ActiveCfg = Debug|Any CPU
		{2B4676D7-5B09-4A14-A473-437C1F712294}.Debug|Any CPU.Build.0 = Debug|Any CPU
		{2B4676D7-5B09-4A14-A473-437C1F712294}.Release|Any CPU.ActiveCfg = Release|Any CPU
		{2B4676D7-5B09-4A14-A473-437C1F712294}.Release|Any CPU.Build.0 = Release|Any CPU
	EndGlobalSection
	GlobalSection(SolutionProperties) = preSolution
		HideSolutionNode = FALSE
	EndGlobalSection
	GlobalSection(ExtensibilityGlobals) = postSolution
		SolutionGuid = {11F6ADEB-E888-4555-8755-F1B5A5A3D661}
	EndGlobalSection
EndGlobal
