
Microsoft Visual Studio Solution File, Format Version 12.00
# Visual Studio 15
VisualStudioVersion = 15.0.28010.2046
MinimumVisualStudioVersion = 10.0.40219.1
Project("{FAE04EC0-301F-11D3-BF4B-00C04F79EFBC}") = "TestarBicicleta", "TestarBicicleta\TestarBicicleta.csproj", "{909CBBC0-7E58-4224-B061-70993846BDEC}"
EndProject
Global
	GlobalSection(SolutionConfigurationPlatforms) = preSolution
		Debug|Any CPU = Debug|Any CPU
		Release|Any CPU = Release|Any CPU
	EndGlobalSection
	GlobalSection(ProjectConfigurationPlatforms) = postSolution
		{909CBBC0-7E58-4224-B061-70993846BDEC}.Debug|Any CPU.ActiveCfg = Debug|Any CPU
		{909CBBC0-7E58-4224-B061-70993846BDEC}.Debug|Any CPU.Build.0 = Debug|Any CPU
		{909CBBC0-7E58-4224-B061-70993846BDEC}.Release|Any CPU.ActiveCfg = Release|Any CPU
		{909CBBC0-7E58-4224-B061-70993846BDEC}.Release|Any CPU.Build.0 = Release|Any CPU
	EndGlobalSection
	GlobalSection(SolutionProperties) = preSolution
		HideSolutionNode = FALSE
	EndGlobalSection
	GlobalSection(ExtensibilityGlobals) = postSolution
		SolutionGuid = {F805B251-4211-47E1-BB04-61F0B9FDDA7A}
	EndGlobalSection
EndGlobal
