
Microsoft Visual Studio Solution File, Format Version 12.00
# Visual Studio 15
VisualStudioVersion = 15.0.28307.271
MinimumVisualStudioVersion = 10.0.40219.1
Project("{FAE04EC0-301F-11D3-BF4B-00C04F79EFBC}") = "Exercicio69", "Exercicio69\Exercicio69.csproj", "{9A95A270-533C-40D3-9578-244A94BB2530}"
EndProject
Global
	GlobalSection(SolutionConfigurationPlatforms) = preSolution
		Debug|Any CPU = Debug|Any CPU
		Release|Any CPU = Release|Any CPU
	EndGlobalSection
	GlobalSection(ProjectConfigurationPlatforms) = postSolution
		{9A95A270-533C-40D3-9578-244A94BB2530}.Debug|Any CPU.ActiveCfg = Debug|Any CPU
		{9A95A270-533C-40D3-9578-244A94BB2530}.Debug|Any CPU.Build.0 = Debug|Any CPU
		{9A95A270-533C-40D3-9578-244A94BB2530}.Release|Any CPU.ActiveCfg = Release|Any CPU
		{9A95A270-533C-40D3-9578-244A94BB2530}.Release|Any CPU.Build.0 = Release|Any CPU
	EndGlobalSection
	GlobalSection(SolutionProperties) = preSolution
		HideSolutionNode = FALSE
	EndGlobalSection
	GlobalSection(ExtensibilityGlobals) = postSolution
		SolutionGuid = {5825674E-645F-417B-BA68-44E9746DE23F}
	EndGlobalSection
EndGlobal
