
Microsoft Visual Studio Solution File, Format Version 12.00
# Visual Studio 15
VisualStudioVersion = 15.0.28307.271
MinimumVisualStudioVersion = 10.0.40219.1
Project("{FAE04EC0-301F-11D3-BF4B-00C04F79EFBC}") = "Exercicio67", "Exercicio67\Exercicio67.csproj", "{78A9FD86-914D-4514-98D1-EFC730447721}"
EndProject
Global
	GlobalSection(SolutionConfigurationPlatforms) = preSolution
		Debug|Any CPU = Debug|Any CPU
		Release|Any CPU = Release|Any CPU
	EndGlobalSection
	GlobalSection(ProjectConfigurationPlatforms) = postSolution
		{78A9FD86-914D-4514-98D1-EFC730447721}.Debug|Any CPU.ActiveCfg = Debug|Any CPU
		{78A9FD86-914D-4514-98D1-EFC730447721}.Debug|Any CPU.Build.0 = Debug|Any CPU
		{78A9FD86-914D-4514-98D1-EFC730447721}.Release|Any CPU.ActiveCfg = Release|Any CPU
		{78A9FD86-914D-4514-98D1-EFC730447721}.Release|Any CPU.Build.0 = Release|Any CPU
	EndGlobalSection
	GlobalSection(SolutionProperties) = preSolution
		HideSolutionNode = FALSE
	EndGlobalSection
	GlobalSection(ExtensibilityGlobals) = postSolution
		SolutionGuid = {53DE4740-C4A5-4DA9-9A80-6240488B4217}
	EndGlobalSection
EndGlobal
