
Microsoft Visual Studio Solution File, Format Version 12.00
# Visual Studio 15
VisualStudioVersion = 15.0.28307.271
MinimumVisualStudioVersion = 10.0.40219.1
Project("{FAE04EC0-301F-11D3-BF4B-00C04F79EFBC}") = "Exercicio65", "Exercicio65\Exercicio65.csproj", "{83ABBDE4-F568-4593-A5B0-DB1AA6EC30B2}"
EndProject
Global
	GlobalSection(SolutionConfigurationPlatforms) = preSolution
		Debug|Any CPU = Debug|Any CPU
		Release|Any CPU = Release|Any CPU
	EndGlobalSection
	GlobalSection(ProjectConfigurationPlatforms) = postSolution
		{83ABBDE4-F568-4593-A5B0-DB1AA6EC30B2}.Debug|Any CPU.ActiveCfg = Debug|Any CPU
		{83ABBDE4-F568-4593-A5B0-DB1AA6EC30B2}.Debug|Any CPU.Build.0 = Debug|Any CPU
		{83ABBDE4-F568-4593-A5B0-DB1AA6EC30B2}.Release|Any CPU.ActiveCfg = Release|Any CPU
		{83ABBDE4-F568-4593-A5B0-DB1AA6EC30B2}.Release|Any CPU.Build.0 = Release|Any CPU
	EndGlobalSection
	GlobalSection(SolutionProperties) = preSolution
		HideSolutionNode = FALSE
	EndGlobalSection
	GlobalSection(ExtensibilityGlobals) = postSolution
		SolutionGuid = {BA1DE87A-8456-4D53-9031-DDC9A0731560}
	EndGlobalSection
EndGlobal
