
Microsoft Visual Studio Solution File, Format Version 12.00
# Visual Studio 15
VisualStudioVersion = 15.0.28307.271
MinimumVisualStudioVersion = 10.0.40219.1
Project("{FAE04EC0-301F-11D3-BF4B-00C04F79EFBC}") = "Exercicio73", "Exercicio73\Exercicio73.csproj", "{BCCFDBB9-DEE6-434F-B387-16B661BEB358}"
EndProject
Global
	GlobalSection(SolutionConfigurationPlatforms) = preSolution
		Debug|Any CPU = Debug|Any CPU
		Release|Any CPU = Release|Any CPU
	EndGlobalSection
	GlobalSection(ProjectConfigurationPlatforms) = postSolution
		{BCCFDBB9-DEE6-434F-B387-16B661BEB358}.Debug|Any CPU.ActiveCfg = Debug|Any CPU
		{BCCFDBB9-DEE6-434F-B387-16B661BEB358}.Debug|Any CPU.Build.0 = Debug|Any CPU
		{BCCFDBB9-DEE6-434F-B387-16B661BEB358}.Release|Any CPU.ActiveCfg = Release|Any CPU
		{BCCFDBB9-DEE6-434F-B387-16B661BEB358}.Release|Any CPU.Build.0 = Release|Any CPU
	EndGlobalSection
	GlobalSection(SolutionProperties) = preSolution
		HideSolutionNode = FALSE
	EndGlobalSection
	GlobalSection(ExtensibilityGlobals) = postSolution
		SolutionGuid = {6A608AC5-E4BD-4258-8FA2-176B3EA2BD75}
	EndGlobalSection
EndGlobal
