
Microsoft Visual Studio Solution File, Format Version 12.00
# Visual Studio 15
VisualStudioVersion = 15.0.28010.2016
MinimumVisualStudioVersion = 10.0.40219.1
Project("{FAE04EC0-301F-11D3-BF4B-00C04F79EFBC}") = "Métodos4", "Métodos4\Métodos4.csproj", "{9195F1B0-EB49-4F3A-B94D-49F0B4637F11}"
EndProject
Global
	GlobalSection(SolutionConfigurationPlatforms) = preSolution
		Debug|Any CPU = Debug|Any CPU
		Release|Any CPU = Release|Any CPU
	EndGlobalSection
	GlobalSection(ProjectConfigurationPlatforms) = postSolution
		{9195F1B0-EB49-4F3A-B94D-49F0B4637F11}.Debug|Any CPU.ActiveCfg = Debug|Any CPU
		{9195F1B0-EB49-4F3A-B94D-49F0B4637F11}.Debug|Any CPU.Build.0 = Debug|Any CPU
		{9195F1B0-EB49-4F3A-B94D-49F0B4637F11}.Release|Any CPU.ActiveCfg = Release|Any CPU
		{9195F1B0-EB49-4F3A-B94D-49F0B4637F11}.Release|Any CPU.Build.0 = Release|Any CPU
	EndGlobalSection
	GlobalSection(SolutionProperties) = preSolution
		HideSolutionNode = FALSE
	EndGlobalSection
	GlobalSection(ExtensibilityGlobals) = postSolution
		SolutionGuid = {622ADD07-7250-4448-9871-D9252F9047AC}
	EndGlobalSection
EndGlobal
