
Microsoft Visual Studio Solution File, Format Version 12.00
# Visual Studio 15
VisualStudioVersion = 15.0.28010.2016
MinimumVisualStudioVersion = 10.0.40219.1
Project("{FAE04EC0-301F-11D3-BF4B-00C04F79EFBC}") = "D", "D\D.csproj", "{6AE66AF8-320E-4C9F-BA9C-0EBA25D1319D}"
EndProject
Global
	GlobalSection(SolutionConfigurationPlatforms) = preSolution
		Debug|Any CPU = Debug|Any CPU
		Release|Any CPU = Release|Any CPU
	EndGlobalSection
	GlobalSection(ProjectConfigurationPlatforms) = postSolution
		{6AE66AF8-320E-4C9F-BA9C-0EBA25D1319D}.Debug|Any CPU.ActiveCfg = Debug|Any CPU
		{6AE66AF8-320E-4C9F-BA9C-0EBA25D1319D}.Debug|Any CPU.Build.0 = Debug|Any CPU
		{6AE66AF8-320E-4C9F-BA9C-0EBA25D1319D}.Release|Any CPU.ActiveCfg = Release|Any CPU
		{6AE66AF8-320E-4C9F-BA9C-0EBA25D1319D}.Release|Any CPU.Build.0 = Release|Any CPU
	EndGlobalSection
	GlobalSection(SolutionProperties) = preSolution
		HideSolutionNode = FALSE
	EndGlobalSection
	GlobalSection(ExtensibilityGlobals) = postSolution
		SolutionGuid = {191E3C7A-034F-4A2E-885C-1FA17BD35C6E}
	EndGlobalSection
EndGlobal
