
Microsoft Visual Studio Solution File, Format Version 12.00
# Visual Studio 15
VisualStudioVersion = 15.0.28307.572
MinimumVisualStudioVersion = 10.0.40219.1
Project("{FAE04EC0-301F-11D3-BF4B-00C04F79EFBC}") = "ExFormasGeometricasParte2", "ExFormasGeometricasParte2\ExFormasGeometricasParte2.csproj", "{1F0FE924-1BFE-4B71-9005-A6E8A8AE5C11}"
EndProject
Global
	GlobalSection(SolutionConfigurationPlatforms) = preSolution
		Debug|Any CPU = Debug|Any CPU
		Release|Any CPU = Release|Any CPU
	EndGlobalSection
	GlobalSection(ProjectConfigurationPlatforms) = postSolution
		{1F0FE924-1BFE-4B71-9005-A6E8A8AE5C11}.Debug|Any CPU.ActiveCfg = Debug|Any CPU
		{1F0FE924-1BFE-4B71-9005-A6E8A8AE5C11}.Debug|Any CPU.Build.0 = Debug|Any CPU
		{1F0FE924-1BFE-4B71-9005-A6E8A8AE5C11}.Release|Any CPU.ActiveCfg = Release|Any CPU
		{1F0FE924-1BFE-4B71-9005-A6E8A8AE5C11}.Release|Any CPU.Build.0 = Release|Any CPU
	EndGlobalSection
	GlobalSection(SolutionProperties) = preSolution
		HideSolutionNode = FALSE
	EndGlobalSection
	GlobalSection(ExtensibilityGlobals) = postSolution
		SolutionGuid = {823CD8EA-7287-40BF-AB9E-E776BC438DBA}
	EndGlobalSection
EndGlobal
