
Microsoft Visual Studio Solution File, Format Version 12.00
# Visual Studio 15
VisualStudioVersion = 15.0.28307.168
MinimumVisualStudioVersion = 10.0.40219.1
Project("{FAE04EC0-301F-11D3-BF4B-00C04F79EFBC}") = "EX10", "EX10\EX10.csproj", "{8D905A42-06A1-43B2-9B1E-5B068FFF7993}"
EndProject
Global
	GlobalSection(SolutionConfigurationPlatforms) = preSolution
		Debug|Any CPU = Debug|Any CPU
		Release|Any CPU = Release|Any CPU
	EndGlobalSection
	GlobalSection(ProjectConfigurationPlatforms) = postSolution
		{8D905A42-06A1-43B2-9B1E-5B068FFF7993}.Debug|Any CPU.ActiveCfg = Debug|Any CPU
		{8D905A42-06A1-43B2-9B1E-5B068FFF7993}.Debug|Any CPU.Build.0 = Debug|Any CPU
		{8D905A42-06A1-43B2-9B1E-5B068FFF7993}.Release|Any CPU.ActiveCfg = Release|Any CPU
		{8D905A42-06A1-43B2-9B1E-5B068FFF7993}.Release|Any CPU.Build.0 = Release|Any CPU
	EndGlobalSection
	GlobalSection(SolutionProperties) = preSolution
		HideSolutionNode = FALSE
	EndGlobalSection
	GlobalSection(ExtensibilityGlobals) = postSolution
		SolutionGuid = {19ECB70D-5FEE-409F-B887-4317F10B69FB}
	EndGlobalSection
EndGlobal
