
Microsoft Visual Studio Solution File, Format Version 12.00
# Visual Studio 15
VisualStudioVersion = 15.0.28010.2016
MinimumVisualStudioVersion = 10.0.40219.1
Project("{FAE04EC0-301F-11D3-BF4B-00C04F79EFBC}") = "A", "A\A.csproj", "{F3BDAF97-CFC7-4C6D-934E-3839781CADD5}"
EndProject
Global
	GlobalSection(SolutionConfigurationPlatforms) = preSolution
		Debug|Any CPU = Debug|Any CPU
		Release|Any CPU = Release|Any CPU
	EndGlobalSection
	GlobalSection(ProjectConfigurationPlatforms) = postSolution
		{F3BDAF97-CFC7-4C6D-934E-3839781CADD5}.Debug|Any CPU.ActiveCfg = Debug|Any CPU
		{F3BDAF97-CFC7-4C6D-934E-3839781CADD5}.Debug|Any CPU.Build.0 = Debug|Any CPU
		{F3BDAF97-CFC7-4C6D-934E-3839781CADD5}.Release|Any CPU.ActiveCfg = Release|Any CPU
		{F3BDAF97-CFC7-4C6D-934E-3839781CADD5}.Release|Any CPU.Build.0 = Release|Any CPU
	EndGlobalSection
	GlobalSection(SolutionProperties) = preSolution
		HideSolutionNode = FALSE
	EndGlobalSection
	GlobalSection(ExtensibilityGlobals) = postSolution
		SolutionGuid = {BAA2E8E5-34C9-41DC-885F-72F0E9336D41}
	EndGlobalSection
EndGlobal
