
Microsoft Visual Studio Solution File, Format Version 12.00
# Visual Studio 15
VisualStudioVersion = 15.0.28010.2036
MinimumVisualStudioVersion = 10.0.40219.1
Project("{FAE04EC0-301F-11D3-BF4B-00C04F79EFBC}") = "Exercicio60", "Exercicio60\Exercicio60.csproj", "{5E9282AF-623D-46FA-BDD9-3A09B6FA7807}"
EndProject
Global
	GlobalSection(SolutionConfigurationPlatforms) = preSolution
		Debug|Any CPU = Debug|Any CPU
		Release|Any CPU = Release|Any CPU
	EndGlobalSection
	GlobalSection(ProjectConfigurationPlatforms) = postSolution
		{5E9282AF-623D-46FA-BDD9-3A09B6FA7807}.Debug|Any CPU.ActiveCfg = Debug|Any CPU
		{5E9282AF-623D-46FA-BDD9-3A09B6FA7807}.Debug|Any CPU.Build.0 = Debug|Any CPU
		{5E9282AF-623D-46FA-BDD9-3A09B6FA7807}.Release|Any CPU.ActiveCfg = Release|Any CPU
		{5E9282AF-623D-46FA-BDD9-3A09B6FA7807}.Release|Any CPU.Build.0 = Release|Any CPU
	EndGlobalSection
	GlobalSection(SolutionProperties) = preSolution
		HideSolutionNode = FALSE
	EndGlobalSection
	GlobalSection(ExtensibilityGlobals) = postSolution
		SolutionGuid = {B6DFA7D6-8BAA-4DFB-A6C9-54DA658209D9}
	EndGlobalSection
EndGlobal
