
Microsoft Visual Studio Solution File, Format Version 12.00
# Visual Studio 15
VisualStudioVersion = 15.0.28307.329
MinimumVisualStudioVersion = 10.0.40219.1
Project("{FAE04EC0-301F-11D3-BF4B-00C04F79EFBC}") = "Exercício5_Avançados", "Exercício5_Avançados\Exercício5_Avançados.csproj", "{46FECCCC-D778-4359-9F3F-12DA90649A0E}"
EndProject
Global
	GlobalSection(SolutionConfigurationPlatforms) = preSolution
		Debug|Any CPU = Debug|Any CPU
		Release|Any CPU = Release|Any CPU
	EndGlobalSection
	GlobalSection(ProjectConfigurationPlatforms) = postSolution
		{46FECCCC-D778-4359-9F3F-12DA90649A0E}.Debug|Any CPU.ActiveCfg = Debug|Any CPU
		{46FECCCC-D778-4359-9F3F-12DA90649A0E}.Debug|Any CPU.Build.0 = Debug|Any CPU
		{46FECCCC-D778-4359-9F3F-12DA90649A0E}.Release|Any CPU.ActiveCfg = Release|Any CPU
		{46FECCCC-D778-4359-9F3F-12DA90649A0E}.Release|Any CPU.Build.0 = Release|Any CPU
	EndGlobalSection
	GlobalSection(SolutionProperties) = preSolution
		HideSolutionNode = FALSE
	EndGlobalSection
	GlobalSection(ExtensibilityGlobals) = postSolution
		SolutionGuid = {79C79CF7-75D4-4AB2-9772-DA9D929B27CD}
	EndGlobalSection
EndGlobal
